
Microsoft Visual Studio Solution File, Format Version 12.00
# Visual Studio 15
VisualStudioVersion = 15.0.28307.421
MinimumVisualStudioVersion = 10.0.40219.1
Project("{FAE04EC0-301F-11D3-BF4B-00C04F79EFBC}") = "Skill_CodeFirstEnitity", "Skill_CodeFirstEnitity\Skill_CodeFirstEnitity.csproj", "{C5FED7F9-C40C-41BE-B12A-AD59D0B22AC8}"
EndProject
Global
	GlobalSection(SolutionConfigurationPlatforms) = preSolution
		Debug|Any CPU = Debug|Any CPU
		Release|Any CPU = Release|Any CPU
	EndGlobalSection
	GlobalSection(ProjectConfigurationPlatforms) = postSolution
		{C5FED7F9-C40C-41BE-B12A-AD59D0B22AC8}.Debug|Any CPU.ActiveCfg = Debug|Any CPU
		{C5FED7F9-C40C-41BE-B12A-AD59D0B22AC8}.Debug|Any CPU.Build.0 = Debug|Any CPU
		{C5FED7F9-C40C-41BE-B12A-AD59D0B22AC8}.Release|Any CPU.ActiveCfg = Release|Any CPU
		{C5FED7F9-C40C-41BE-B12A-AD59D0B22AC8}.Release|Any CPU.Build.0 = Release|Any CPU
	EndGlobalSection
	GlobalSection(SolutionProperties) = preSolution
		HideSolutionNode = FALSE
	EndGlobalSection
	GlobalSection(ExtensibilityGlobals) = postSolution
		SolutionGuid = {A9D3E7B1-4511-4EC1-BE64-DC33CC80603B}
	EndGlobalSection
EndGlobal
